
Microsoft Visual Studio Solution File, Format Version 12.00
Project("{2150E333-8FDC-42A3-9474-1A3956D46DE8}") = "Auth", "Auth", "{157A5E8B-5346-4BCB-9E38-66D9480EE879}"
EndProject
Project("{2150E333-8FDC-42A3-9474-1A3956D46DE8}") = "Api", "Api", "{27DA2516-D554-466F-A124-CB6EACC217BB}"
EndProject
Project("{FAE04EC0-301F-11D3-BF4B-00C04F79EFBC}") = "Identity", "Identity\Identity.csproj", "{95BB64A1-0843-4D87-A508-FF9E334AA3AF}"
EndProject
Project("{2150E333-8FDC-42A3-9474-1A3956D46DE8}") = "Core", "Core", "{25EBC79E-FC15-4197-B2FE-37DCE46A3ECF}"
EndProject
Project("{FAE04EC0-301F-11D3-BF4B-00C04F79EFBC}") = "Domain", "Domain\Domain.csproj", "{E75650B2-DB40-4E9F-9A84-86F5D8C79D51}"
EndProject
Project("{FAE04EC0-301F-11D3-BF4B-00C04F79EFBC}") = "Application", "Application\Application.csproj", "{4C63B20B-3C8B-429B-9308-43EC9760BB4A}"
EndProject
Project("{2150E333-8FDC-42A3-9474-1A3956D46DE8}") = "Presentation", "Presentation", "{3CE1D04F-FA35-42DF-AB28-74333338E4FF}"
EndProject
Project("{2150E333-8FDC-42A3-9474-1A3956D46DE8}") = "Infrastructure", "Infrastructure", "{55C2EB86-277B-43A5-AF2A-572032E08EC0}"
EndProject
Project("{FAE04EC0-301F-11D3-BF4B-00C04F79EFBC}") = "WebApi", "WebApi\WebApi.csproj", "{BF99D908-B5D8-4C6B-9D01-2BF3AF372D6E}"
EndProject
Project("{FAE04EC0-301F-11D3-BF4B-00C04F79EFBC}") = "Persistence", "Persistence\Persistence.csproj", "{F74DEB53-6E7F-416F-923E-4F104E141AD2}"
EndProject
Global
	GlobalSection(SolutionConfigurationPlatforms) = preSolution
		Debug|Any CPU = Debug|Any CPU
		Release|Any CPU = Release|Any CPU
	EndGlobalSection
	GlobalSection(NestedProjects) = preSolution
		{95BB64A1-0843-4D87-A508-FF9E334AA3AF} = {157A5E8B-5346-4BCB-9E38-66D9480EE879}
		{25EBC79E-FC15-4197-B2FE-37DCE46A3ECF} = {27DA2516-D554-466F-A124-CB6EACC217BB}
		{E75650B2-DB40-4E9F-9A84-86F5D8C79D51} = {25EBC79E-FC15-4197-B2FE-37DCE46A3ECF}
		{4C63B20B-3C8B-429B-9308-43EC9760BB4A} = {25EBC79E-FC15-4197-B2FE-37DCE46A3ECF}
		{3CE1D04F-FA35-42DF-AB28-74333338E4FF} = {27DA2516-D554-466F-A124-CB6EACC217BB}
		{55C2EB86-277B-43A5-AF2A-572032E08EC0} = {27DA2516-D554-466F-A124-CB6EACC217BB}
		{BF99D908-B5D8-4C6B-9D01-2BF3AF372D6E} = {3CE1D04F-FA35-42DF-AB28-74333338E4FF}
		{F74DEB53-6E7F-416F-923E-4F104E141AD2} = {55C2EB86-277B-43A5-AF2A-572032E08EC0}
	EndGlobalSection
	GlobalSection(ProjectConfigurationPlatforms) = postSolution
		{95BB64A1-0843-4D87-A508-FF9E334AA3AF}.Debug|Any CPU.ActiveCfg = Debug|Any CPU
		{95BB64A1-0843-4D87-A508-FF9E334AA3AF}.Debug|Any CPU.Build.0 = Debug|Any CPU
		{95BB64A1-0843-4D87-A508-FF9E334AA3AF}.Release|Any CPU.ActiveCfg = Release|Any CPU
		{95BB64A1-0843-4D87-A508-FF9E334AA3AF}.Release|Any CPU.Build.0 = Release|Any CPU
		{E75650B2-DB40-4E9F-9A84-86F5D8C79D51}.Debug|Any CPU.ActiveCfg = Debug|Any CPU
		{E75650B2-DB40-4E9F-9A84-86F5D8C79D51}.Debug|Any CPU.Build.0 = Debug|Any CPU
		{E75650B2-DB40-4E9F-9A84-86F5D8C79D51}.Release|Any CPU.ActiveCfg = Release|Any CPU
		{E75650B2-DB40-4E9F-9A84-86F5D8C79D51}.Release|Any CPU.Build.0 = Release|Any CPU
		{4C63B20B-3C8B-429B-9308-43EC9760BB4A}.Debug|Any CPU.ActiveCfg = Debug|Any CPU
		{4C63B20B-3C8B-429B-9308-43EC9760BB4A}.Debug|Any CPU.Build.0 = Debug|Any CPU
		{4C63B20B-3C8B-429B-9308-43EC9760BB4A}.Release|Any CPU.ActiveCfg = Release|Any CPU
		{4C63B20B-3C8B-429B-9308-43EC9760BB4A}.Release|Any CPU.Build.0 = Release|Any CPU
		{BF99D908-B5D8-4C6B-9D01-2BF3AF372D6E}.Debug|Any CPU.ActiveCfg = Debug|Any CPU
		{BF99D908-B5D8-4C6B-9D01-2BF3AF372D6E}.Debug|Any CPU.Build.0 = Debug|Any CPU
		{BF99D908-B5D8-4C6B-9D01-2BF3AF372D6E}.Release|Any CPU.ActiveCfg = Release|Any CPU
		{BF99D908-B5D8-4C6B-9D01-2BF3AF372D6E}.Release|Any CPU.Build.0 = Release|Any CPU
		{F74DEB53-6E7F-416F-923E-4F104E141AD2}.Debug|Any CPU.ActiveCfg = Debug|Any CPU
		{F74DEB53-6E7F-416F-923E-4F104E141AD2}.Debug|Any CPU.Build.0 = Debug|Any CPU
		{F74DEB53-6E7F-416F-923E-4F104E141AD2}.Release|Any CPU.ActiveCfg = Release|Any CPU
		{F74DEB53-6E7F-416F-923E-4F104E141AD2}.Release|Any CPU.Build.0 = Release|Any CPU
	EndGlobalSection
EndGlobal
